
Microsoft Visual Studio Solution File, Format Version 12.00
# Visual Studio Version 16
VisualStudioVersion = 16.0.30204.135
MinimumVisualStudioVersion = 10.0.40219.1
Project("{FAE04EC0-301F-11D3-BF4B-00C04F79EFBC}") = "DraftWpfApp", "DraftWpfApp\DraftWpfApp.csproj", "{E5824EE7-8798-4CCA-894F-4131D399F688}"
EndProject
Global
	GlobalSection(SolutionConfigurationPlatforms) = preSolution
		Debug|Any CPU = Debug|Any CPU
		Release|Any CPU = Release|Any CPU
	EndGlobalSection
	GlobalSection(ProjectConfigurationPlatforms) = postSolution
		{E5824EE7-8798-4CCA-894F-4131D399F688}.Debug|Any CPU.ActiveCfg = Debug|Any CPU
		{E5824EE7-8798-4CCA-894F-4131D399F688}.Debug|Any CPU.Build.0 = Debug|Any CPU
		{E5824EE7-8798-4CCA-894F-4131D399F688}.Release|Any CPU.ActiveCfg = Release|Any CPU
		{E5824EE7-8798-4CCA-894F-4131D399F688}.Release|Any CPU.Build.0 = Release|Any CPU
	EndGlobalSection
	GlobalSection(SolutionProperties) = preSolution
		HideSolutionNode = FALSE
	EndGlobalSection
	GlobalSection(ExtensibilityGlobals) = postSolution
		SolutionGuid = {EB686825-5ECF-431E-86BC-83763F64B8A6}
	EndGlobalSection
EndGlobal
